{
  "name": "blend-rescript-smoke",
  "version": "0.0.0",
  "lockfileVersion": 3,
  "requires": true,
  "packages": {
    "": {
      "name": "blend-rescript-smoke",
      "version": "0.0.0",
      "dependencies": {
        "@rescript/react": "^0.13.0",
        "@subham_/rescript-blend": "file:../..",
        "react": "^18.0.0",
        "react-dom": "^18.0.0"
      },
      "devDependencies": {
        "rescript": "^12.2.0"
      }
    },
    "../..": {
      "name": "@subham_/rescript-blend",
      "version": "0.1.3",
      "license": "MIT",
      "dependencies": {
        "@juspay/blend-design-system": "latest",
        "rescript-webapi": "^0.9.1"
      },
      "devDependencies": {
        "@juspay/neurolink": "^9.50.1",
        "@rescript/react": "^0.13.0",
        "dotenv": "^17.4.2",
        "rescript": "^12.2.0"
      },
      "engines": {
        "node": ">=20"
      },
      "peerDependencies": {
        "@rescript/react": ">=0.12.0",
        "react": ">=18.0.0",
        "react-dom": ">=18.0.0",
        "rescript": ">=12.0.0"
      }
    },
    "node_modules/@rescript/darwin-arm64": {
      "version": "12.2.0",
      "resolved": "https://registry.npmjs.org/@rescript/darwin-arm64/-/darwin-arm64-12.2.0.tgz",
      "integrity": "sha512-xc3K/J7Ujl1vPiFY2009mRf3kWRlUe/VZyJWprseKxlcEtUQv89ter7r6pY+YFbtYvA/fcaEncL9CVGEdattAg==",
      "cpu": [
        "arm64"
      ],
      "dev": true,
      "license": "(LGPL-3.0-or-later AND MIT)",
      "optional": true,
      "os": [
        "darwin"
      ],
      "engines": {
        "node": ">=20.11.0"
      }
    },
    "node_modules/@rescript/darwin-x64": {
      "version": "12.2.0",
      "resolved": "https://registry.npmjs.org/@rescript/darwin-x64/-/darwin-x64-12.2.0.tgz",
      "integrity": "sha512-qqcTvnlSeoKkywLjG7cXfYvKZ1e4Gz2kUKcD6SiqDgCqm8TF+spwlFAiM6sloRUOFsc0bpC/0R0B3yr01FCB1A==",
      "cpu": [
        "x64"
      ],
      "dev": true,
      "license": "(LGPL-3.0-or-later AND MIT)",
      "optional": true,
      "os": [
        "darwin"
      ],
      "engines": {
        "node": ">=20.11.0"
      }
    },
    "node_modules/@rescript/linux-arm64": {
      "version": "12.2.0",
      "resolved": "https://registry.npmjs.org/@rescript/linux-arm64/-/linux-arm64-12.2.0.tgz",
      "integrity": "sha512-ODmpG3ji+Nj/8d5yvXkeHlfKkmbw1Q4t1iIjVuNwtmFpz7TiEa7n/sQqoYdE+WzbDX3DoJfmJNbp3Ob7qCUoOg==",
      "cpu": [
        "arm64"
      ],
      "dev": true,
      "license": "(LGPL-3.0-or-later AND MIT)",
      "optional": true,
      "os": [
        "linux"
      ],
      "engines": {
        "node": ">=20.11.0"
      }
    },
    "node_modules/@rescript/linux-x64": {
      "version": "12.2.0",
      "resolved": "https://registry.npmjs.org/@rescript/linux-x64/-/linux-x64-12.2.0.tgz",
      "integrity": "sha512-2W9Y9/g19Y4F/subl8yV3T8QBG2oRaP+HciNRcBjptyEdw9LmCKH8+rhWO6sp3E+nZLwoE2IAkwH0WKV3wqlxQ==",
      "cpu": [
        "x64"
      ],
      "dev": true,
      "license": "(LGPL-3.0-or-later AND MIT)",
      "optional": true,
      "os": [
        "linux"
      ],
      "engines": {
        "node": ">=20.11.0"
      }
    },
    "node_modules/@rescript/react": {
      "version": "0.13.1",
      "resolved": "https://registry.npmjs.org/@rescript/react/-/react-0.13.1.tgz",
      "integrity": "sha512-VIWtu/sAJyYmDVoAhit0LHDYQrW6RqZ6z8sh8san5cjEAT4klv8JWkiaSK3FGUfooUDkGUXXgKTkqyj8zRR21w==",
      "license": "MIT",
      "peerDependencies": {
        "react": ">=18.0.0",
        "react-dom": ">=18.0.0"
      }
    },
    "node_modules/@rescript/runtime": {
      "version": "12.2.0",
      "resolved": "https://registry.npmjs.org/@rescript/runtime/-/runtime-12.2.0.tgz",
      "integrity": "sha512-NwfljDRq1rjFPHUaca1nzFz13xsa9ZGkBkLvMhvVgavJT5+A4rMcLu8XAaVTi/oAhO/tlHf9ZDoOTF1AfyAk9Q==",
      "dev": true,
      "license": "MIT"
    },
    "node_modules/@rescript/win32-x64": {
      "version": "12.2.0",
      "resolved": "https://registry.npmjs.org/@rescript/win32-x64/-/win32-x64-12.2.0.tgz",
      "integrity": "sha512-fhf8CBj3p1lkIXPeNko3mVTKQfXXm4BoxJtR1xAXxUn43wDpd8Lox4w8/EPBbbW6C/YFQW6H7rtpY+2AKuNaDA==",
      "cpu": [
        "x64"
      ],
      "dev": true,
      "license": "(LGPL-3.0-or-later AND MIT)",
      "optional": true,
      "os": [
        "win32"
      ],
      "engines": {
        "node": ">=20.11.0"
      }
    },
    "node_modules/@subham_/rescript-blend": {
      "resolved": "../..",
      "link": true
    },
    "node_modules/js-tokens": {
      "version": "4.0.0",
      "resolved": "https://registry.npmjs.org/js-tokens/-/js-tokens-4.0.0.tgz",
      "integrity": "sha512-RdJUflcE3cUzKiMqQgsCu06FPu9UdIJO0beYbPhHN4k6apgJtifcoCtT9bcxOpYBtpD2kCM6Sbzg4CausW/PKQ==",
      "license": "MIT"
    },
    "node_modules/loose-envify": {
      "version": "1.4.0",
      "resolved": "https://registry.npmjs.org/loose-envify/-/loose-envify-1.4.0.tgz",
      "integrity": "sha512-lyuxPGr/Wfhrlem2CL/UcnUc1zcqKAImBDzukY7Y5F/yQiNdko6+fRLevlw1HgMySw7f611UIY408EtxRSoK3Q==",
      "license": "MIT",
      "dependencies": {
        "js-tokens": "^3.0.0 || ^4.0.0"
      },
      "bin": {
        "loose-envify": "cli.js"
      }
    },
    "node_modules/react": {
      "version": "18.3.1",
      "resolved": "https://registry.npmjs.org/react/-/react-18.3.1.tgz",
      "integrity": "sha512-wS+hAgJShR0KhEvPJArfuPVN1+Hz1t0Y6n5jLrGQbkb4urgPE/0Rve+1kMB1v/oWgHgm4WIcV+i7F2pTVj+2iQ==",
      "license": "MIT",
      "dependencies": {
        "loose-envify": "^1.1.0"
      },
      "engines": {
        "node": ">=0.10.0"
      }
    },
    "node_modules/react-dom": {
      "version": "18.3.1",
      "resolved": "https://registry.npmjs.org/react-dom/-/react-dom-18.3.1.tgz",
      "integrity": "sha512-5m4nQKp+rZRb09LNH59GM4BxTh9251/ylbKIbpe7TpGxfJ+9kv6BLkLBXIjjspbgbnIBNqlI23tRnTWT0snUIw==",
      "license": "MIT",
      "dependencies": {
        "loose-envify": "^1.1.0",
        "scheduler": "^0.23.2"
      },
      "peerDependencies": {
        "react": "^18.3.1"
      }
    },
    "node_modules/rescript": {
      "version": "12.2.0",
      "resolved": "https://registry.npmjs.org/rescript/-/rescript-12.2.0.tgz",
      "integrity": "sha512-1Jf2cmNhyx5Mj2vwZ4XXPcXvNSjGj9D1jPBUcoqIOqRpLPo1ch2Ta/7eWh23xAHWHK5ow7BCDyYFjvZSjyjLzg==",
      "dev": true,
      "license": "(LGPL-3.0-or-later AND MIT)",
      "workspaces": [
        "packages/playground",
        "packages/@rescript/*",
        "tests/dependencies/**",
        "tests/analysis_tests/**",
        "tests/docstring_tests",
        "tests/gentype_tests/**",
        "tests/tools_tests",
        "tests/commonjs_tests",
        "scripts/res"
      ],
      "dependencies": {
        "@rescript/runtime": "12.2.0"
      },
      "bin": {
        "bsc": "cli/bsc.js",
        "bstracing": "cli/bstracing.js",
        "rescript": "cli/rescript.js",
        "rescript-legacy": "cli/rescript-legacy.js",
        "rescript-tools": "cli/rescript-tools.js"
      },
      "engines": {
        "node": ">=20.11.0"
      },
      "optionalDependencies": {
        "@rescript/darwin-arm64": "12.2.0",
        "@rescript/darwin-x64": "12.2.0",
        "@rescript/linux-arm64": "12.2.0",
        "@rescript/linux-x64": "12.2.0",
        "@rescript/win32-x64": "12.2.0"
      }
    },
    "node_modules/scheduler": {
      "version": "0.23.2",
      "resolved": "https://registry.npmjs.org/scheduler/-/scheduler-0.23.2.tgz",
      "integrity": "sha512-UOShsPwz7NrMUqhR6t0hWjFduvOzbtv7toDH1/hIrfRNIDBnnBWd0CwJTGvTpngVlmwGCdP9/Zl/tVrDqcuYzQ==",
      "license": "MIT",
      "dependencies": {
        "loose-envify": "^1.1.0"
      }
    }
  }
}
